
Microsoft Visual Studio Solution File, Format Version 12.00
Project("{2150E333-8FDC-42A3-9474-1A3956D46DE8}") = "src", "src", "{0C90F861-0D19-456F-89AC-1E4B6B26EB98}"
EndProject
Project("{2150E333-8FDC-42A3-9474-1A3956D46DE8}") = "avito_src", "avito_src", "{2FD50146-D397-4CE0-A4AA-27EE5993589D}"
EndProject
Project("{FAE04EC0-301F-11D3-BF4B-00C04F79EFBC}") = "RemTechAvito.Core", "src\avito_src\RemTechAvito.Core\RemTechAvito.Core.csproj", "{19D97A14-AB77-4D4A-8C85-C01B60EFE240}"
EndProject
Project("{2150E333-8FDC-42A3-9474-1A3956D46DE8}") = "common_src", "common_src", "{5C62E129-E0DA-41C2-B389-D4575D32E5AE}"
EndProject
Project("{FAE04EC0-301F-11D3-BF4B-00C04F79EFBC}") = "RemTech.Common", "src\common_src\RemTech.Common\RemTech.Common.csproj", "{26FA0D8D-C383-4B3C-B964-FFCB46DF1F1F}"
EndProject
Project("{FAE04EC0-301F-11D3-BF4B-00C04F79EFBC}") = "RemTechAvito.Application", "src\avito_src\RemTechAvito.Application\RemTechAvito.Application.csproj", "{D4A84771-2C2E-44C9-8AD5-1EDDE4DD7DEA}"
EndProject
Project("{2150E333-8FDC-42A3-9474-1A3956D46DE8}") = "Solution Items", "Solution Items", "{3A8123EE-6313-4A4E-B9CC-8643623A6D9B}"
	ProjectSection(SolutionItems) = preProject
		compose.yaml = compose.yaml
	EndProjectSection
EndProject
Project("{2150E333-8FDC-42A3-9474-1A3956D46DE8}") = "rabbit_mq_abstraction", "rabbit_mq_abstraction", "{3B728148-4E8C-4A6C-87D0-7EBA4B854574}"
EndProject
Project("{FAE04EC0-301F-11D3-BF4B-00C04F79EFBC}") = "Rabbit.RPC.Server.Abstractions", "src\rabbit_mq_abstraction\Rabbit.RPC.Server.Abstractions\Rabbit.RPC.Server.Abstractions.csproj", "{9FE6E7EB-9AD9-473E-8EA1-E87106592BDD}"
EndProject
Project("{FAE04EC0-301F-11D3-BF4B-00C04F79EFBC}") = "Rabbit.RPC.Client.Abstractions", "src\rabbit_mq_abstraction\Rabbit.RPC.Client.Abstractions\Rabbit.RPC.Client.Abstractions.csproj", "{3FBE0250-B5B9-40A1-BD03-990F365477B0}"
EndProject
Project("{2150E333-8FDC-42A3-9474-1A3956D46DE8}") = "services", "services", "{F7A668D9-2458-4C11-9DE8-24C99E3F3020}"
EndProject
Project("{2150E333-8FDC-42A3-9474-1A3956D46DE8}") = "web_driver_service", "web_driver_service", "{4A4354FC-D0C3-4ED2-A508-F3E859666E9B}"
EndProject
Project("{FAE04EC0-301F-11D3-BF4B-00C04F79EFBC}") = "WebDriver.Worker.Service", "src\services\web_driver_service\WebDriver.Worker.Service\WebDriver.Worker.Service.csproj", "{A5894561-CA87-4FF4-80DC-457ED2204F3A}"
EndProject
Project("{FAE04EC0-301F-11D3-BF4B-00C04F79EFBC}") = "WebDriver.Core", "src\services\web_driver_service\WebDriver.Core\WebDriver.Core.csproj", "{C7A37B02-9D0D-4009-81AA-65FF332D0F1A}"
EndProject
Project("{FAE04EC0-301F-11D3-BF4B-00C04F79EFBC}") = "WebDriver.Application", "src\services\web_driver_service\WebDriver.Application\WebDriver.Application.csproj", "{031B6FE1-3013-457A-B197-0E8EAD0A376D}"
EndProject
Project("{FAE04EC0-301F-11D3-BF4B-00C04F79EFBC}") = "WebDriver.Worker.Service.Contracts", "src\services\web_driver_service\WebDriver.Worker.Service.Contracts\WebDriver.Worker.Service.Contracts.csproj", "{40782E62-D4A6-4228-9A5E-A186FC083FA6}"
EndProject
Project("{2150E333-8FDC-42A3-9474-1A3956D46DE8}") = "infrastructure_contracts", "infrastructure_contracts", "{5FC8005D-27B8-4798-9A86-0F9483D09220}"
EndProject
Project("{2150E333-8FDC-42A3-9474-1A3956D46DE8}") = "infrastructure_implementations", "infrastructure_implementations", "{E23DB444-868C-4D3B-BB73-3100B041E18C}"
EndProject
Project("{FAE04EC0-301F-11D3-BF4B-00C04F79EFBC}") = "RemTechAvito.Infrastructure.Contracts.Parser", "src\avito_src\infrastructure_contracts\RemTechAvito.Infrastructure.Contracts.Parser\RemTechAvito.Infrastructure.Contracts.Parser.csproj", "{0953B77E-093B-4EAE-9C43-30867A5E7BC9}"
EndProject
Project("{FAE04EC0-301F-11D3-BF4B-00C04F79EFBC}") = "RemTechAvito.Infrastructure.Parser", "src\avito_src\infrastructure_implementations\RemTechAvito.Infrastructure.Parser\RemTechAvito.Infrastructure.Parser.csproj", "{BB7B46EA-D8BC-44EA-8269-8B9078373300}"
EndProject
Project("{FAE04EC0-301F-11D3-BF4B-00C04F79EFBC}") = "RemTechAvito.Infrastructure.Contracts.Repository", "src\avito_src\infrastructure_contracts\RemTechAvito.Infrastructure.Contracts.Repository\RemTechAvito.Infrastructure.Contracts.Repository.csproj", "{59EA935C-9DEE-4C83-A8EE-BDD87F38685A}"
EndProject
Project("{FAE04EC0-301F-11D3-BF4B-00C04F79EFBC}") = "RemTechAvito.Infrastructure.Repository", "src\avito_src\infrastructure_implementations\RemTechAvito.Infrastructure.Repository\RemTechAvito.Infrastructure.Repository.csproj", "{0934A077-D477-42DF-9260-8C4E1E87A55D}"
EndProject
Project("{2150E333-8FDC-42A3-9474-1A3956D46DE8}") = "tests", "tests", "{F45CFE55-F81F-4D5C-941B-C2C4CF186581}"
EndProject
Project("{FAE04EC0-301F-11D3-BF4B-00C04F79EFBC}") = "RemTechAvito.Integrational.Tests", "src\avito_src\tests\RemTechAvito.Integrational.Tests\RemTechAvito.Integrational.Tests.csproj", "{57E26BCC-05C2-42A9-BCB9-A14902C6E9A1}"
EndProject
Project("{FAE04EC0-301F-11D3-BF4B-00C04F79EFBC}") = "RemTechAvito.MongoDb.Tests", "src\avito_src\tests\RemTechAvito.MongoDb.Tests\RemTechAvito.MongoDb.Tests.csproj", "{192AADA9-E289-451B-9A45-8CD3CD94234E}"
EndProject
Project("{FAE04EC0-301F-11D3-BF4B-00C04F79EFBC}") = "RemTechAvito.Contracts.Common", "src\avito_src\RemTechAvito.Contracts.Common\RemTechAvito.Contracts.Common.csproj", "{919FD269-2A8A-4E79-BE7A-C32FD3DEEA09}"
EndProject
Project("{FAE04EC0-301F-11D3-BF4B-00C04F79EFBC}") = "RemTechAvito.DependencyInjection", "src\avito_src\RemTechAvito.DependencyInjection\RemTechAvito.DependencyInjection.csproj", "{D2A97637-ABCC-45A7-BD15-3D3D3F638EEE}"
EndProject
Project("{FAE04EC0-301F-11D3-BF4B-00C04F79EFBC}") = "RemTechAvito.WebApi", "src\avito_src\RemTechAvito.WebApi\RemTechAvito.WebApi.csproj", "{0E0363BA-DC32-460C-BF2C-5EAB9569B35B}"
EndProject
Project("{2150E333-8FDC-42A3-9474-1A3956D46DE8}") = "parser_services", "parser_services", "{CCE36385-9562-E5B8-F2D9-98C3DDCF3577}"
EndProject
Project("{2150E333-8FDC-42A3-9474-1A3956D46DE8}") = "avito_parser_src", "avito_parser_src", "{58F5D9EB-49EB-C455-338E-DD3B96D90543}"
EndProject
Project("{FAE04EC0-301F-11D3-BF4B-00C04F79EFBC}") = "AvitoParserService", "src\parser_services\avito_parser_src\AvitoParserService\AvitoParserService.csproj", "{EDB372E5-069F-4C12-8D2B-2840F6A6E4CA}"
EndProject
Project("{FAE04EC0-301F-11D3-BF4B-00C04F79EFBC}") = "AvitoParser.Main", "src\parser_services\avito_parser_src\AvitoParser.Main\AvitoParser.Main.csproj", "{AE22C747-F856-4AC3-A41B-4E625CD1C64E}"
EndProject
Project("{FAE04EC0-301F-11D3-BF4B-00C04F79EFBC}") = "AvitoParser.Tests", "src\parser_services\avito_parser_src\AvitoParser.Tests\AvitoParser.Tests.csproj", "{2E082535-19F3-40DA-BD9B-3441854B107E}"
EndProject
Project("{FAE04EC0-301F-11D3-BF4B-00C04F79EFBC}") = "AvitoParser.PDK", "src\parser_services\avito_parser_src\AvitoParser.PDK\AvitoParser.PDK.csproj", "{3C22C3FE-313E-4504-9CD4-12AFF4BFEEBA}"
EndProject
Project("{2150E333-8FDC-42A3-9474-1A3956D46DE8}") = "Plugins", "Plugins", "{2322040A-F197-4F5A-AED3-0C6F5FEB6A76}"
EndProject
Project("{FAE04EC0-301F-11D3-BF4B-00C04F79EFBC}") = "LoadPuppeteerPlugin", "src\parser_services\avito_parser_src\Plugins\LoadPuppeteerPlugin\LoadPuppeteerPlugin.csproj", "{69FAA2BF-9265-4204-81B7-FC0F164A0F95}"
EndProject
Project("{FAE04EC0-301F-11D3-BF4B-00C04F79EFBC}") = "InstantiatePuppeteerPlugin", "src\parser_services\avito_parser_src\Plugins\InstantiatePuppeteerPlugin\InstantiatePuppeteerPlugin.csproj", "{8A842A77-54B3-40BC-802E-CA3E0AC3992C}"
EndProject
Project("{FAE04EC0-301F-11D3-BF4B-00C04F79EFBC}") = "ScrollBottomPlugin", "src\parser_services\avito_parser_src\Plugins\ScrollBottomPlugin\ScrollBottomPlugin.csproj", "{64A34131-4494-4EDB-988C-DB13D722690C}"
EndProject
Project("{FAE04EC0-301F-11D3-BF4B-00C04F79EFBC}") = "ScrollTopPlugin", "src\parser_services\avito_parser_src\Plugins\ScrollTopPlugin\ScrollTopPlugin.csproj", "{16C2DE2E-3D27-48DB-A799-5F4CA4942388}"
EndProject
Project("{FAE04EC0-301F-11D3-BF4B-00C04F79EFBC}") = "GetElementPlugin", "src\parser_services\avito_parser_src\Plugins\GetElementPlugin\GetElementPlugin.csproj", "{EAE29374-7151-4CF9-849E-E9F633ED51B1}"
EndProject
Project("{FAE04EC0-301F-11D3-BF4B-00C04F79EFBC}") = "GetElementAttributePlugin", "src\parser_services\avito_parser_src\Plugins\GetElementAttributePlugin\GetElementAttributePlugin.csproj", "{55E1199B-05E2-4C35-885A-64CD107C7EC5}"
EndProject
Project("{FAE04EC0-301F-11D3-BF4B-00C04F79EFBC}") = "GetElementOuterHTMLPlugin", "src\parser_services\avito_parser_src\Plugins\GetElementOuterHTMLPlugin\GetElementOuterHTMLPlugin.csproj", "{AE76F5BF-E25C-4BD5-BF24-6BBBEE269614}"
EndProject
Project("{FAE04EC0-301F-11D3-BF4B-00C04F79EFBC}") = "GetElementChildrenPlugin", "src\parser_services\avito_parser_src\Plugins\GetElementChildrenPlugin\GetElementChildrenPlugin.csproj", "{5170DC84-80EA-4B68-AE15-8D0E8CF64098}"
EndProject
Project("{FAE04EC0-301F-11D3-BF4B-00C04F79EFBC}") = "GetElementTextContentPlugin", "src\parser_services\avito_parser_src\Plugins\GetElementTextContentPlugin\GetElementTextContentPlugin.csproj", "{2B8A5A1E-3609-4786-8A16-2125FF8CF67E}"
EndProject
Project("{FAE04EC0-301F-11D3-BF4B-00C04F79EFBC}") = "ClickElementPlugin", "src\parser_services\avito_parser_src\Plugins\ClickElementPlugin\ClickElementPlugin.csproj", "{51678498-9FB0-4FA2-8519-050CED4764BB}"
EndProject
Global
	GlobalSection(SolutionConfigurationPlatforms) = preSolution
		Debug|Any CPU = Debug|Any CPU
		Debug|x64 = Debug|x64
		Debug|x86 = Debug|x86
		Release|Any CPU = Release|Any CPU
		Release|x64 = Release|x64
		Release|x86 = Release|x86
	EndGlobalSection
	GlobalSection(ProjectConfigurationPlatforms) = postSolution
		{19D97A14-AB77-4D4A-8C85-C01B60EFE240}.Debug|Any CPU.ActiveCfg = Debug|Any CPU
		{19D97A14-AB77-4D4A-8C85-C01B60EFE240}.Debug|Any CPU.Build.0 = Debug|Any CPU
		{19D97A14-AB77-4D4A-8C85-C01B60EFE240}.Debug|x64.ActiveCfg = Debug|Any CPU
		{19D97A14-AB77-4D4A-8C85-C01B60EFE240}.Debug|x64.Build.0 = Debug|Any CPU
		{19D97A14-AB77-4D4A-8C85-C01B60EFE240}.Debug|x86.ActiveCfg = Debug|Any CPU
		{19D97A14-AB77-4D4A-8C85-C01B60EFE240}.Debug|x86.Build.0 = Debug|Any CPU
		{19D97A14-AB77-4D4A-8C85-C01B60EFE240}.Release|Any CPU.ActiveCfg = Release|Any CPU
		{19D97A14-AB77-4D4A-8C85-C01B60EFE240}.Release|Any CPU.Build.0 = Release|Any CPU
		{19D97A14-AB77-4D4A-8C85-C01B60EFE240}.Release|x64.ActiveCfg = Release|Any CPU
		{19D97A14-AB77-4D4A-8C85-C01B60EFE240}.Release|x64.Build.0 = Release|Any CPU
		{19D97A14-AB77-4D4A-8C85-C01B60EFE240}.Release|x86.ActiveCfg = Release|Any CPU
		{19D97A14-AB77-4D4A-8C85-C01B60EFE240}.Release|x86.Build.0 = Release|Any CPU
		{26FA0D8D-C383-4B3C-B964-FFCB46DF1F1F}.Debug|Any CPU.ActiveCfg = Debug|Any CPU
		{26FA0D8D-C383-4B3C-B964-FFCB46DF1F1F}.Debug|Any CPU.Build.0 = Debug|Any CPU
		{26FA0D8D-C383-4B3C-B964-FFCB46DF1F1F}.Debug|x64.ActiveCfg = Debug|Any CPU
		{26FA0D8D-C383-4B3C-B964-FFCB46DF1F1F}.Debug|x64.Build.0 = Debug|Any CPU
		{26FA0D8D-C383-4B3C-B964-FFCB46DF1F1F}.Debug|x86.ActiveCfg = Debug|Any CPU
		{26FA0D8D-C383-4B3C-B964-FFCB46DF1F1F}.Debug|x86.Build.0 = Debug|Any CPU
		{26FA0D8D-C383-4B3C-B964-FFCB46DF1F1F}.Release|Any CPU.ActiveCfg = Release|Any CPU
		{26FA0D8D-C383-4B3C-B964-FFCB46DF1F1F}.Release|Any CPU.Build.0 = Release|Any CPU
		{26FA0D8D-C383-4B3C-B964-FFCB46DF1F1F}.Release|x64.ActiveCfg = Release|Any CPU
		{26FA0D8D-C383-4B3C-B964-FFCB46DF1F1F}.Release|x64.Build.0 = Release|Any CPU
		{26FA0D8D-C383-4B3C-B964-FFCB46DF1F1F}.Release|x86.ActiveCfg = Release|Any CPU
		{26FA0D8D-C383-4B3C-B964-FFCB46DF1F1F}.Release|x86.Build.0 = Release|Any CPU
		{D4A84771-2C2E-44C9-8AD5-1EDDE4DD7DEA}.Debug|Any CPU.ActiveCfg = Debug|Any CPU
		{D4A84771-2C2E-44C9-8AD5-1EDDE4DD7DEA}.Debug|Any CPU.Build.0 = Debug|Any CPU
		{D4A84771-2C2E-44C9-8AD5-1EDDE4DD7DEA}.Debug|x64.ActiveCfg = Debug|Any CPU
		{D4A84771-2C2E-44C9-8AD5-1EDDE4DD7DEA}.Debug|x64.Build.0 = Debug|Any CPU
		{D4A84771-2C2E-44C9-8AD5-1EDDE4DD7DEA}.Debug|x86.ActiveCfg = Debug|Any CPU
		{D4A84771-2C2E-44C9-8AD5-1EDDE4DD7DEA}.Debug|x86.Build.0 = Debug|Any CPU
		{D4A84771-2C2E-44C9-8AD5-1EDDE4DD7DEA}.Release|Any CPU.ActiveCfg = Release|Any CPU
		{D4A84771-2C2E-44C9-8AD5-1EDDE4DD7DEA}.Release|Any CPU.Build.0 = Release|Any CPU
		{D4A84771-2C2E-44C9-8AD5-1EDDE4DD7DEA}.Release|x64.ActiveCfg = Release|Any CPU
		{D4A84771-2C2E-44C9-8AD5-1EDDE4DD7DEA}.Release|x64.Build.0 = Release|Any CPU
		{D4A84771-2C2E-44C9-8AD5-1EDDE4DD7DEA}.Release|x86.ActiveCfg = Release|Any CPU
		{D4A84771-2C2E-44C9-8AD5-1EDDE4DD7DEA}.Release|x86.Build.0 = Release|Any CPU
		{9FE6E7EB-9AD9-473E-8EA1-E87106592BDD}.Debug|Any CPU.ActiveCfg = Debug|Any CPU
		{9FE6E7EB-9AD9-473E-8EA1-E87106592BDD}.Debug|Any CPU.Build.0 = Debug|Any CPU
		{9FE6E7EB-9AD9-473E-8EA1-E87106592BDD}.Debug|x64.ActiveCfg = Debug|Any CPU
		{9FE6E7EB-9AD9-473E-8EA1-E87106592BDD}.Debug|x64.Build.0 = Debug|Any CPU
		{9FE6E7EB-9AD9-473E-8EA1-E87106592BDD}.Debug|x86.ActiveCfg = Debug|Any CPU
		{9FE6E7EB-9AD9-473E-8EA1-E87106592BDD}.Debug|x86.Build.0 = Debug|Any CPU
		{9FE6E7EB-9AD9-473E-8EA1-E87106592BDD}.Release|Any CPU.ActiveCfg = Release|Any CPU
		{9FE6E7EB-9AD9-473E-8EA1-E87106592BDD}.Release|Any CPU.Build.0 = Release|Any CPU
		{9FE6E7EB-9AD9-473E-8EA1-E87106592BDD}.Release|x64.ActiveCfg = Release|Any CPU
		{9FE6E7EB-9AD9-473E-8EA1-E87106592BDD}.Release|x64.Build.0 = Release|Any CPU
		{9FE6E7EB-9AD9-473E-8EA1-E87106592BDD}.Release|x86.ActiveCfg = Release|Any CPU
		{9FE6E7EB-9AD9-473E-8EA1-E87106592BDD}.Release|x86.Build.0 = Release|Any CPU
		{3FBE0250-B5B9-40A1-BD03-990F365477B0}.Debug|Any CPU.ActiveCfg = Debug|Any CPU
		{3FBE0250-B5B9-40A1-BD03-990F365477B0}.Debug|Any CPU.Build.0 = Debug|Any CPU
		{3FBE0250-B5B9-40A1-BD03-990F365477B0}.Debug|x64.ActiveCfg = Debug|Any CPU
		{3FBE0250-B5B9-40A1-BD03-990F365477B0}.Debug|x64.Build.0 = Debug|Any CPU
		{3FBE0250-B5B9-40A1-BD03-990F365477B0}.Debug|x86.ActiveCfg = Debug|Any CPU
		{3FBE0250-B5B9-40A1-BD03-990F365477B0}.Debug|x86.Build.0 = Debug|Any CPU
		{3FBE0250-B5B9-40A1-BD03-990F365477B0}.Release|Any CPU.ActiveCfg = Release|Any CPU
		{3FBE0250-B5B9-40A1-BD03-990F365477B0}.Release|Any CPU.Build.0 = Release|Any CPU
		{3FBE0250-B5B9-40A1-BD03-990F365477B0}.Release|x64.ActiveCfg = Release|Any CPU
		{3FBE0250-B5B9-40A1-BD03-990F365477B0}.Release|x64.Build.0 = Release|Any CPU
		{3FBE0250-B5B9-40A1-BD03-990F365477B0}.Release|x86.ActiveCfg = Release|Any CPU
		{3FBE0250-B5B9-40A1-BD03-990F365477B0}.Release|x86.Build.0 = Release|Any CPU
		{A5894561-CA87-4FF4-80DC-457ED2204F3A}.Debug|Any CPU.ActiveCfg = Debug|Any CPU
		{A5894561-CA87-4FF4-80DC-457ED2204F3A}.Debug|Any CPU.Build.0 = Debug|Any CPU
		{A5894561-CA87-4FF4-80DC-457ED2204F3A}.Debug|x64.ActiveCfg = Debug|Any CPU
		{A5894561-CA87-4FF4-80DC-457ED2204F3A}.Debug|x64.Build.0 = Debug|Any CPU
		{A5894561-CA87-4FF4-80DC-457ED2204F3A}.Debug|x86.ActiveCfg = Debug|Any CPU
		{A5894561-CA87-4FF4-80DC-457ED2204F3A}.Debug|x86.Build.0 = Debug|Any CPU
		{A5894561-CA87-4FF4-80DC-457ED2204F3A}.Release|Any CPU.ActiveCfg = Release|Any CPU
		{A5894561-CA87-4FF4-80DC-457ED2204F3A}.Release|Any CPU.Build.0 = Release|Any CPU
		{A5894561-CA87-4FF4-80DC-457ED2204F3A}.Release|x64.ActiveCfg = Release|Any CPU
		{A5894561-CA87-4FF4-80DC-457ED2204F3A}.Release|x64.Build.0 = Release|Any CPU
		{A5894561-CA87-4FF4-80DC-457ED2204F3A}.Release|x86.ActiveCfg = Release|Any CPU
		{A5894561-CA87-4FF4-80DC-457ED2204F3A}.Release|x86.Build.0 = Release|Any CPU
		{C7A37B02-9D0D-4009-81AA-65FF332D0F1A}.Debug|Any CPU.ActiveCfg = Debug|Any CPU
		{C7A37B02-9D0D-4009-81AA-65FF332D0F1A}.Debug|Any CPU.Build.0 = Debug|Any CPU
		{C7A37B02-9D0D-4009-81AA-65FF332D0F1A}.Debug|x64.ActiveCfg = Debug|Any CPU
		{C7A37B02-9D0D-4009-81AA-65FF332D0F1A}.Debug|x64.Build.0 = Debug|Any CPU
		{C7A37B02-9D0D-4009-81AA-65FF332D0F1A}.Debug|x86.ActiveCfg = Debug|Any CPU
		{C7A37B02-9D0D-4009-81AA-65FF332D0F1A}.Debug|x86.Build.0 = Debug|Any CPU
		{C7A37B02-9D0D-4009-81AA-65FF332D0F1A}.Release|Any CPU.ActiveCfg = Release|Any CPU
		{C7A37B02-9D0D-4009-81AA-65FF332D0F1A}.Release|Any CPU.Build.0 = Release|Any CPU
		{C7A37B02-9D0D-4009-81AA-65FF332D0F1A}.Release|x64.ActiveCfg = Release|Any CPU
		{C7A37B02-9D0D-4009-81AA-65FF332D0F1A}.Release|x64.Build.0 = Release|Any CPU
		{C7A37B02-9D0D-4009-81AA-65FF332D0F1A}.Release|x86.ActiveCfg = Release|Any CPU
		{C7A37B02-9D0D-4009-81AA-65FF332D0F1A}.Release|x86.Build.0 = Release|Any CPU
		{031B6FE1-3013-457A-B197-0E8EAD0A376D}.Debug|Any CPU.ActiveCfg = Debug|Any CPU
		{031B6FE1-3013-457A-B197-0E8EAD0A376D}.Debug|Any CPU.Build.0 = Debug|Any CPU
		{031B6FE1-3013-457A-B197-0E8EAD0A376D}.Debug|x64.ActiveCfg = Debug|Any CPU
		{031B6FE1-3013-457A-B197-0E8EAD0A376D}.Debug|x64.Build.0 = Debug|Any CPU
		{031B6FE1-3013-457A-B197-0E8EAD0A376D}.Debug|x86.ActiveCfg = Debug|Any CPU
		{031B6FE1-3013-457A-B197-0E8EAD0A376D}.Debug|x86.Build.0 = Debug|Any CPU
		{031B6FE1-3013-457A-B197-0E8EAD0A376D}.Release|Any CPU.ActiveCfg = Release|Any CPU
		{031B6FE1-3013-457A-B197-0E8EAD0A376D}.Release|Any CPU.Build.0 = Release|Any CPU
		{031B6FE1-3013-457A-B197-0E8EAD0A376D}.Release|x64.ActiveCfg = Release|Any CPU
		{031B6FE1-3013-457A-B197-0E8EAD0A376D}.Release|x64.Build.0 = Release|Any CPU
		{031B6FE1-3013-457A-B197-0E8EAD0A376D}.Release|x86.ActiveCfg = Release|Any CPU
		{031B6FE1-3013-457A-B197-0E8EAD0A376D}.Release|x86.Build.0 = Release|Any CPU
		{40782E62-D4A6-4228-9A5E-A186FC083FA6}.Debug|Any CPU.ActiveCfg = Debug|Any CPU
		{40782E62-D4A6-4228-9A5E-A186FC083FA6}.Debug|Any CPU.Build.0 = Debug|Any CPU
		{40782E62-D4A6-4228-9A5E-A186FC083FA6}.Debug|x64.ActiveCfg = Debug|Any CPU
		{40782E62-D4A6-4228-9A5E-A186FC083FA6}.Debug|x64.Build.0 = Debug|Any CPU
		{40782E62-D4A6-4228-9A5E-A186FC083FA6}.Debug|x86.ActiveCfg = Debug|Any CPU
		{40782E62-D4A6-4228-9A5E-A186FC083FA6}.Debug|x86.Build.0 = Debug|Any CPU
		{40782E62-D4A6-4228-9A5E-A186FC083FA6}.Release|Any CPU.ActiveCfg = Release|Any CPU
		{40782E62-D4A6-4228-9A5E-A186FC083FA6}.Release|Any CPU.Build.0 = Release|Any CPU
		{40782E62-D4A6-4228-9A5E-A186FC083FA6}.Release|x64.ActiveCfg = Release|Any CPU
		{40782E62-D4A6-4228-9A5E-A186FC083FA6}.Release|x64.Build.0 = Release|Any CPU
		{40782E62-D4A6-4228-9A5E-A186FC083FA6}.Release|x86.ActiveCfg = Release|Any CPU
		{40782E62-D4A6-4228-9A5E-A186FC083FA6}.Release|x86.Build.0 = Release|Any CPU
		{0953B77E-093B-4EAE-9C43-30867A5E7BC9}.Debug|Any CPU.ActiveCfg = Debug|Any CPU
		{0953B77E-093B-4EAE-9C43-30867A5E7BC9}.Debug|Any CPU.Build.0 = Debug|Any CPU
		{0953B77E-093B-4EAE-9C43-30867A5E7BC9}.Debug|x64.ActiveCfg = Debug|Any CPU
		{0953B77E-093B-4EAE-9C43-30867A5E7BC9}.Debug|x64.Build.0 = Debug|Any CPU
		{0953B77E-093B-4EAE-9C43-30867A5E7BC9}.Debug|x86.ActiveCfg = Debug|Any CPU
		{0953B77E-093B-4EAE-9C43-30867A5E7BC9}.Debug|x86.Build.0 = Debug|Any CPU
		{0953B77E-093B-4EAE-9C43-30867A5E7BC9}.Release|Any CPU.ActiveCfg = Release|Any CPU
		{0953B77E-093B-4EAE-9C43-30867A5E7BC9}.Release|Any CPU.Build.0 = Release|Any CPU
		{0953B77E-093B-4EAE-9C43-30867A5E7BC9}.Release|x64.ActiveCfg = Release|Any CPU
		{0953B77E-093B-4EAE-9C43-30867A5E7BC9}.Release|x64.Build.0 = Release|Any CPU
		{0953B77E-093B-4EAE-9C43-30867A5E7BC9}.Release|x86.ActiveCfg = Release|Any CPU
		{0953B77E-093B-4EAE-9C43-30867A5E7BC9}.Release|x86.Build.0 = Release|Any CPU
		{BB7B46EA-D8BC-44EA-8269-8B9078373300}.Debug|Any CPU.ActiveCfg = Debug|Any CPU
		{BB7B46EA-D8BC-44EA-8269-8B9078373300}.Debug|Any CPU.Build.0 = Debug|Any CPU
		{BB7B46EA-D8BC-44EA-8269-8B9078373300}.Debug|x64.ActiveCfg = Debug|Any CPU
		{BB7B46EA-D8BC-44EA-8269-8B9078373300}.Debug|x64.Build.0 = Debug|Any CPU
		{BB7B46EA-D8BC-44EA-8269-8B9078373300}.Debug|x86.ActiveCfg = Debug|Any CPU
		{BB7B46EA-D8BC-44EA-8269-8B9078373300}.Debug|x86.Build.0 = Debug|Any CPU
		{BB7B46EA-D8BC-44EA-8269-8B9078373300}.Release|Any CPU.ActiveCfg = Release|Any CPU
		{BB7B46EA-D8BC-44EA-8269-8B9078373300}.Release|Any CPU.Build.0 = Release|Any CPU
		{BB7B46EA-D8BC-44EA-8269-8B9078373300}.Release|x64.ActiveCfg = Release|Any CPU
		{BB7B46EA-D8BC-44EA-8269-8B9078373300}.Release|x64.Build.0 = Release|Any CPU
		{BB7B46EA-D8BC-44EA-8269-8B9078373300}.Release|x86.ActiveCfg = Release|Any CPU
		{BB7B46EA-D8BC-44EA-8269-8B9078373300}.Release|x86.Build.0 = Release|Any CPU
		{59EA935C-9DEE-4C83-A8EE-BDD87F38685A}.Debug|Any CPU.ActiveCfg = Debug|Any CPU
		{59EA935C-9DEE-4C83-A8EE-BDD87F38685A}.Debug|Any CPU.Build.0 = Debug|Any CPU
		{59EA935C-9DEE-4C83-A8EE-BDD87F38685A}.Debug|x64.ActiveCfg = Debug|Any CPU
		{59EA935C-9DEE-4C83-A8EE-BDD87F38685A}.Debug|x64.Build.0 = Debug|Any CPU
		{59EA935C-9DEE-4C83-A8EE-BDD87F38685A}.Debug|x86.ActiveCfg = Debug|Any CPU
		{59EA935C-9DEE-4C83-A8EE-BDD87F38685A}.Debug|x86.Build.0 = Debug|Any CPU
		{59EA935C-9DEE-4C83-A8EE-BDD87F38685A}.Release|Any CPU.ActiveCfg = Release|Any CPU
		{59EA935C-9DEE-4C83-A8EE-BDD87F38685A}.Release|Any CPU.Build.0 = Release|Any CPU
		{59EA935C-9DEE-4C83-A8EE-BDD87F38685A}.Release|x64.ActiveCfg = Release|Any CPU
		{59EA935C-9DEE-4C83-A8EE-BDD87F38685A}.Release|x64.Build.0 = Release|Any CPU
		{59EA935C-9DEE-4C83-A8EE-BDD87F38685A}.Release|x86.ActiveCfg = Release|Any CPU
		{59EA935C-9DEE-4C83-A8EE-BDD87F38685A}.Release|x86.Build.0 = Release|Any CPU
		{0934A077-D477-42DF-9260-8C4E1E87A55D}.Debug|Any CPU.ActiveCfg = Debug|Any CPU
		{0934A077-D477-42DF-9260-8C4E1E87A55D}.Debug|Any CPU.Build.0 = Debug|Any CPU
		{0934A077-D477-42DF-9260-8C4E1E87A55D}.Debug|x64.ActiveCfg = Debug|Any CPU
		{0934A077-D477-42DF-9260-8C4E1E87A55D}.Debug|x64.Build.0 = Debug|Any CPU
		{0934A077-D477-42DF-9260-8C4E1E87A55D}.Debug|x86.ActiveCfg = Debug|Any CPU
		{0934A077-D477-42DF-9260-8C4E1E87A55D}.Debug|x86.Build.0 = Debug|Any CPU
		{0934A077-D477-42DF-9260-8C4E1E87A55D}.Release|Any CPU.ActiveCfg = Release|Any CPU
		{0934A077-D477-42DF-9260-8C4E1E87A55D}.Release|Any CPU.Build.0 = Release|Any CPU
		{0934A077-D477-42DF-9260-8C4E1E87A55D}.Release|x64.ActiveCfg = Release|Any CPU
		{0934A077-D477-42DF-9260-8C4E1E87A55D}.Release|x64.Build.0 = Release|Any CPU
		{0934A077-D477-42DF-9260-8C4E1E87A55D}.Release|x86.ActiveCfg = Release|Any CPU
		{0934A077-D477-42DF-9260-8C4E1E87A55D}.Release|x86.Build.0 = Release|Any CPU
		{57E26BCC-05C2-42A9-BCB9-A14902C6E9A1}.Debug|Any CPU.ActiveCfg = Debug|Any CPU
		{57E26BCC-05C2-42A9-BCB9-A14902C6E9A1}.Debug|Any CPU.Build.0 = Debug|Any CPU
		{57E26BCC-05C2-42A9-BCB9-A14902C6E9A1}.Debug|x64.ActiveCfg = Debug|Any CPU
		{57E26BCC-05C2-42A9-BCB9-A14902C6E9A1}.Debug|x64.Build.0 = Debug|Any CPU
		{57E26BCC-05C2-42A9-BCB9-A14902C6E9A1}.Debug|x86.ActiveCfg = Debug|Any CPU
		{57E26BCC-05C2-42A9-BCB9-A14902C6E9A1}.Debug|x86.Build.0 = Debug|Any CPU
		{57E26BCC-05C2-42A9-BCB9-A14902C6E9A1}.Release|Any CPU.ActiveCfg = Release|Any CPU
		{57E26BCC-05C2-42A9-BCB9-A14902C6E9A1}.Release|Any CPU.Build.0 = Release|Any CPU
		{57E26BCC-05C2-42A9-BCB9-A14902C6E9A1}.Release|x64.ActiveCfg = Release|Any CPU
		{57E26BCC-05C2-42A9-BCB9-A14902C6E9A1}.Release|x64.Build.0 = Release|Any CPU
		{57E26BCC-05C2-42A9-BCB9-A14902C6E9A1}.Release|x86.ActiveCfg = Release|Any CPU
		{57E26BCC-05C2-42A9-BCB9-A14902C6E9A1}.Release|x86.Build.0 = Release|Any CPU
		{192AADA9-E289-451B-9A45-8CD3CD94234E}.Debug|Any CPU.ActiveCfg = Debug|Any CPU
		{192AADA9-E289-451B-9A45-8CD3CD94234E}.Debug|Any CPU.Build.0 = Debug|Any CPU
		{192AADA9-E289-451B-9A45-8CD3CD94234E}.Debug|x64.ActiveCfg = Debug|Any CPU
		{192AADA9-E289-451B-9A45-8CD3CD94234E}.Debug|x64.Build.0 = Debug|Any CPU
		{192AADA9-E289-451B-9A45-8CD3CD94234E}.Debug|x86.ActiveCfg = Debug|Any CPU
		{192AADA9-E289-451B-9A45-8CD3CD94234E}.Debug|x86.Build.0 = Debug|Any CPU
		{192AADA9-E289-451B-9A45-8CD3CD94234E}.Release|Any CPU.ActiveCfg = Release|Any CPU
		{192AADA9-E289-451B-9A45-8CD3CD94234E}.Release|Any CPU.Build.0 = Release|Any CPU
		{192AADA9-E289-451B-9A45-8CD3CD94234E}.Release|x64.ActiveCfg = Release|Any CPU
		{192AADA9-E289-451B-9A45-8CD3CD94234E}.Release|x64.Build.0 = Release|Any CPU
		{192AADA9-E289-451B-9A45-8CD3CD94234E}.Release|x86.ActiveCfg = Release|Any CPU
		{192AADA9-E289-451B-9A45-8CD3CD94234E}.Release|x86.Build.0 = Release|Any CPU
		{919FD269-2A8A-4E79-BE7A-C32FD3DEEA09}.Debug|Any CPU.ActiveCfg = Debug|Any CPU
		{919FD269-2A8A-4E79-BE7A-C32FD3DEEA09}.Debug|Any CPU.Build.0 = Debug|Any CPU
		{919FD269-2A8A-4E79-BE7A-C32FD3DEEA09}.Debug|x64.ActiveCfg = Debug|Any CPU
		{919FD269-2A8A-4E79-BE7A-C32FD3DEEA09}.Debug|x64.Build.0 = Debug|Any CPU
		{919FD269-2A8A-4E79-BE7A-C32FD3DEEA09}.Debug|x86.ActiveCfg = Debug|Any CPU
		{919FD269-2A8A-4E79-BE7A-C32FD3DEEA09}.Debug|x86.Build.0 = Debug|Any CPU
		{919FD269-2A8A-4E79-BE7A-C32FD3DEEA09}.Release|Any CPU.ActiveCfg = Release|Any CPU
		{919FD269-2A8A-4E79-BE7A-C32FD3DEEA09}.Release|Any CPU.Build.0 = Release|Any CPU
		{919FD269-2A8A-4E79-BE7A-C32FD3DEEA09}.Release|x64.ActiveCfg = Release|Any CPU
		{919FD269-2A8A-4E79-BE7A-C32FD3DEEA09}.Release|x64.Build.0 = Release|Any CPU
		{919FD269-2A8A-4E79-BE7A-C32FD3DEEA09}.Release|x86.ActiveCfg = Release|Any CPU
		{919FD269-2A8A-4E79-BE7A-C32FD3DEEA09}.Release|x86.Build.0 = Release|Any CPU
		{D2A97637-ABCC-45A7-BD15-3D3D3F638EEE}.Debug|Any CPU.ActiveCfg = Debug|Any CPU
		{D2A97637-ABCC-45A7-BD15-3D3D3F638EEE}.Debug|Any CPU.Build.0 = Debug|Any CPU
		{D2A97637-ABCC-45A7-BD15-3D3D3F638EEE}.Debug|x64.ActiveCfg = Debug|Any CPU
		{D2A97637-ABCC-45A7-BD15-3D3D3F638EEE}.Debug|x64.Build.0 = Debug|Any CPU
		{D2A97637-ABCC-45A7-BD15-3D3D3F638EEE}.Debug|x86.ActiveCfg = Debug|Any CPU
		{D2A97637-ABCC-45A7-BD15-3D3D3F638EEE}.Debug|x86.Build.0 = Debug|Any CPU
		{D2A97637-ABCC-45A7-BD15-3D3D3F638EEE}.Release|Any CPU.ActiveCfg = Release|Any CPU
		{D2A97637-ABCC-45A7-BD15-3D3D3F638EEE}.Release|Any CPU.Build.0 = Release|Any CPU
		{D2A97637-ABCC-45A7-BD15-3D3D3F638EEE}.Release|x64.ActiveCfg = Release|Any CPU
		{D2A97637-ABCC-45A7-BD15-3D3D3F638EEE}.Release|x64.Build.0 = Release|Any CPU
		{D2A97637-ABCC-45A7-BD15-3D3D3F638EEE}.Release|x86.ActiveCfg = Release|Any CPU
		{D2A97637-ABCC-45A7-BD15-3D3D3F638EEE}.Release|x86.Build.0 = Release|Any CPU
		{0E0363BA-DC32-460C-BF2C-5EAB9569B35B}.Debug|Any CPU.ActiveCfg = Debug|Any CPU
		{0E0363BA-DC32-460C-BF2C-5EAB9569B35B}.Debug|Any CPU.Build.0 = Debug|Any CPU
		{0E0363BA-DC32-460C-BF2C-5EAB9569B35B}.Debug|x64.ActiveCfg = Debug|Any CPU
		{0E0363BA-DC32-460C-BF2C-5EAB9569B35B}.Debug|x64.Build.0 = Debug|Any CPU
		{0E0363BA-DC32-460C-BF2C-5EAB9569B35B}.Debug|x86.ActiveCfg = Debug|Any CPU
		{0E0363BA-DC32-460C-BF2C-5EAB9569B35B}.Debug|x86.Build.0 = Debug|Any CPU
		{0E0363BA-DC32-460C-BF2C-5EAB9569B35B}.Release|Any CPU.ActiveCfg = Release|Any CPU
		{0E0363BA-DC32-460C-BF2C-5EAB9569B35B}.Release|Any CPU.Build.0 = Release|Any CPU
		{0E0363BA-DC32-460C-BF2C-5EAB9569B35B}.Release|x64.ActiveCfg = Release|Any CPU
		{0E0363BA-DC32-460C-BF2C-5EAB9569B35B}.Release|x64.Build.0 = Release|Any CPU
		{0E0363BA-DC32-460C-BF2C-5EAB9569B35B}.Release|x86.ActiveCfg = Release|Any CPU
		{0E0363BA-DC32-460C-BF2C-5EAB9569B35B}.Release|x86.Build.0 = Release|Any CPU
		{EDB372E5-069F-4C12-8D2B-2840F6A6E4CA}.Debug|Any CPU.ActiveCfg = Debug|Any CPU
		{EDB372E5-069F-4C12-8D2B-2840F6A6E4CA}.Debug|Any CPU.Build.0 = Debug|Any CPU
		{EDB372E5-069F-4C12-8D2B-2840F6A6E4CA}.Debug|x64.ActiveCfg = Debug|Any CPU
		{EDB372E5-069F-4C12-8D2B-2840F6A6E4CA}.Debug|x64.Build.0 = Debug|Any CPU
		{EDB372E5-069F-4C12-8D2B-2840F6A6E4CA}.Debug|x86.ActiveCfg = Debug|Any CPU
		{EDB372E5-069F-4C12-8D2B-2840F6A6E4CA}.Debug|x86.Build.0 = Debug|Any CPU
		{EDB372E5-069F-4C12-8D2B-2840F6A6E4CA}.Release|Any CPU.ActiveCfg = Release|Any CPU
		{EDB372E5-069F-4C12-8D2B-2840F6A6E4CA}.Release|Any CPU.Build.0 = Release|Any CPU
		{EDB372E5-069F-4C12-8D2B-2840F6A6E4CA}.Release|x64.ActiveCfg = Release|Any CPU
		{EDB372E5-069F-4C12-8D2B-2840F6A6E4CA}.Release|x64.Build.0 = Release|Any CPU
		{EDB372E5-069F-4C12-8D2B-2840F6A6E4CA}.Release|x86.ActiveCfg = Release|Any CPU
		{EDB372E5-069F-4C12-8D2B-2840F6A6E4CA}.Release|x86.Build.0 = Release|Any CPU
		{AE22C747-F856-4AC3-A41B-4E625CD1C64E}.Debug|Any CPU.ActiveCfg = Debug|Any CPU
		{AE22C747-F856-4AC3-A41B-4E625CD1C64E}.Debug|Any CPU.Build.0 = Debug|Any CPU
		{AE22C747-F856-4AC3-A41B-4E625CD1C64E}.Debug|x64.ActiveCfg = Debug|Any CPU
		{AE22C747-F856-4AC3-A41B-4E625CD1C64E}.Debug|x64.Build.0 = Debug|Any CPU
		{AE22C747-F856-4AC3-A41B-4E625CD1C64E}.Debug|x86.ActiveCfg = Debug|Any CPU
		{AE22C747-F856-4AC3-A41B-4E625CD1C64E}.Debug|x86.Build.0 = Debug|Any CPU
		{AE22C747-F856-4AC3-A41B-4E625CD1C64E}.Release|Any CPU.ActiveCfg = Release|Any CPU
		{AE22C747-F856-4AC3-A41B-4E625CD1C64E}.Release|Any CPU.Build.0 = Release|Any CPU
		{AE22C747-F856-4AC3-A41B-4E625CD1C64E}.Release|x64.ActiveCfg = Release|Any CPU
		{AE22C747-F856-4AC3-A41B-4E625CD1C64E}.Release|x64.Build.0 = Release|Any CPU
		{AE22C747-F856-4AC3-A41B-4E625CD1C64E}.Release|x86.ActiveCfg = Release|Any CPU
		{AE22C747-F856-4AC3-A41B-4E625CD1C64E}.Release|x86.Build.0 = Release|Any CPU
		{2E082535-19F3-40DA-BD9B-3441854B107E}.Debug|Any CPU.ActiveCfg = Debug|Any CPU
		{2E082535-19F3-40DA-BD9B-3441854B107E}.Debug|Any CPU.Build.0 = Debug|Any CPU
		{2E082535-19F3-40DA-BD9B-3441854B107E}.Debug|x64.ActiveCfg = Debug|Any CPU
		{2E082535-19F3-40DA-BD9B-3441854B107E}.Debug|x64.Build.0 = Debug|Any CPU
		{2E082535-19F3-40DA-BD9B-3441854B107E}.Debug|x86.ActiveCfg = Debug|Any CPU
		{2E082535-19F3-40DA-BD9B-3441854B107E}.Debug|x86.Build.0 = Debug|Any CPU
		{2E082535-19F3-40DA-BD9B-3441854B107E}.Release|Any CPU.ActiveCfg = Release|Any CPU
		{2E082535-19F3-40DA-BD9B-3441854B107E}.Release|Any CPU.Build.0 = Release|Any CPU
		{2E082535-19F3-40DA-BD9B-3441854B107E}.Release|x64.ActiveCfg = Release|Any CPU
		{2E082535-19F3-40DA-BD9B-3441854B107E}.Release|x64.Build.0 = Release|Any CPU
		{2E082535-19F3-40DA-BD9B-3441854B107E}.Release|x86.ActiveCfg = Release|Any CPU
		{2E082535-19F3-40DA-BD9B-3441854B107E}.Release|x86.Build.0 = Release|Any CPU
		{3C22C3FE-313E-4504-9CD4-12AFF4BFEEBA}.Debug|Any CPU.ActiveCfg = Debug|Any CPU
		{3C22C3FE-313E-4504-9CD4-12AFF4BFEEBA}.Debug|Any CPU.Build.0 = Debug|Any CPU
		{3C22C3FE-313E-4504-9CD4-12AFF4BFEEBA}.Debug|x64.ActiveCfg = Debug|Any CPU
		{3C22C3FE-313E-4504-9CD4-12AFF4BFEEBA}.Debug|x64.Build.0 = Debug|Any CPU
		{3C22C3FE-313E-4504-9CD4-12AFF4BFEEBA}.Debug|x86.ActiveCfg = Debug|Any CPU
		{3C22C3FE-313E-4504-9CD4-12AFF4BFEEBA}.Debug|x86.Build.0 = Debug|Any CPU
		{3C22C3FE-313E-4504-9CD4-12AFF4BFEEBA}.Release|Any CPU.ActiveCfg = Release|Any CPU
		{3C22C3FE-313E-4504-9CD4-12AFF4BFEEBA}.Release|Any CPU.Build.0 = Release|Any CPU
		{3C22C3FE-313E-4504-9CD4-12AFF4BFEEBA}.Release|x64.ActiveCfg = Release|Any CPU
		{3C22C3FE-313E-4504-9CD4-12AFF4BFEEBA}.Release|x64.Build.0 = Release|Any CPU
		{3C22C3FE-313E-4504-9CD4-12AFF4BFEEBA}.Release|x86.ActiveCfg = Release|Any CPU
		{3C22C3FE-313E-4504-9CD4-12AFF4BFEEBA}.Release|x86.Build.0 = Release|Any CPU
		{69FAA2BF-9265-4204-81B7-FC0F164A0F95}.Debug|Any CPU.ActiveCfg = Debug|Any CPU
		{69FAA2BF-9265-4204-81B7-FC0F164A0F95}.Debug|Any CPU.Build.0 = Debug|Any CPU
		{69FAA2BF-9265-4204-81B7-FC0F164A0F95}.Debug|x64.ActiveCfg = Debug|Any CPU
		{69FAA2BF-9265-4204-81B7-FC0F164A0F95}.Debug|x64.Build.0 = Debug|Any CPU
		{69FAA2BF-9265-4204-81B7-FC0F164A0F95}.Debug|x86.ActiveCfg = Debug|Any CPU
		{69FAA2BF-9265-4204-81B7-FC0F164A0F95}.Debug|x86.Build.0 = Debug|Any CPU
		{69FAA2BF-9265-4204-81B7-FC0F164A0F95}.Release|Any CPU.ActiveCfg = Release|Any CPU
		{69FAA2BF-9265-4204-81B7-FC0F164A0F95}.Release|Any CPU.Build.0 = Release|Any CPU
		{69FAA2BF-9265-4204-81B7-FC0F164A0F95}.Release|x64.ActiveCfg = Release|Any CPU
		{69FAA2BF-9265-4204-81B7-FC0F164A0F95}.Release|x64.Build.0 = Release|Any CPU
		{69FAA2BF-9265-4204-81B7-FC0F164A0F95}.Release|x86.ActiveCfg = Release|Any CPU
		{69FAA2BF-9265-4204-81B7-FC0F164A0F95}.Release|x86.Build.0 = Release|Any CPU
		{8A842A77-54B3-40BC-802E-CA3E0AC3992C}.Debug|Any CPU.ActiveCfg = Debug|Any CPU
		{8A842A77-54B3-40BC-802E-CA3E0AC3992C}.Debug|Any CPU.Build.0 = Debug|Any CPU
		{8A842A77-54B3-40BC-802E-CA3E0AC3992C}.Debug|x64.ActiveCfg = Debug|Any CPU
		{8A842A77-54B3-40BC-802E-CA3E0AC3992C}.Debug|x64.Build.0 = Debug|Any CPU
		{8A842A77-54B3-40BC-802E-CA3E0AC3992C}.Debug|x86.ActiveCfg = Debug|Any CPU
		{8A842A77-54B3-40BC-802E-CA3E0AC3992C}.Debug|x86.Build.0 = Debug|Any CPU
		{8A842A77-54B3-40BC-802E-CA3E0AC3992C}.Release|Any CPU.ActiveCfg = Release|Any CPU
		{8A842A77-54B3-40BC-802E-CA3E0AC3992C}.Release|Any CPU.Build.0 = Release|Any CPU
		{8A842A77-54B3-40BC-802E-CA3E0AC3992C}.Release|x64.ActiveCfg = Release|Any CPU
		{8A842A77-54B3-40BC-802E-CA3E0AC3992C}.Release|x64.Build.0 = Release|Any CPU
		{8A842A77-54B3-40BC-802E-CA3E0AC3992C}.Release|x86.ActiveCfg = Release|Any CPU
		{8A842A77-54B3-40BC-802E-CA3E0AC3992C}.Release|x86.Build.0 = Release|Any CPU
		{64A34131-4494-4EDB-988C-DB13D722690C}.Debug|Any CPU.ActiveCfg = Debug|Any CPU
		{64A34131-4494-4EDB-988C-DB13D722690C}.Debug|Any CPU.Build.0 = Debug|Any CPU
		{64A34131-4494-4EDB-988C-DB13D722690C}.Debug|x64.ActiveCfg = Debug|Any CPU
		{64A34131-4494-4EDB-988C-DB13D722690C}.Debug|x64.Build.0 = Debug|Any CPU
		{64A34131-4494-4EDB-988C-DB13D722690C}.Debug|x86.ActiveCfg = Debug|Any CPU
		{64A34131-4494-4EDB-988C-DB13D722690C}.Debug|x86.Build.0 = Debug|Any CPU
		{64A34131-4494-4EDB-988C-DB13D722690C}.Release|Any CPU.ActiveCfg = Release|Any CPU
		{64A34131-4494-4EDB-988C-DB13D722690C}.Release|Any CPU.Build.0 = Release|Any CPU
		{64A34131-4494-4EDB-988C-DB13D722690C}.Release|x64.ActiveCfg = Release|Any CPU
		{64A34131-4494-4EDB-988C-DB13D722690C}.Release|x64.Build.0 = Release|Any CPU
		{64A34131-4494-4EDB-988C-DB13D722690C}.Release|x86.ActiveCfg = Release|Any CPU
		{64A34131-4494-4EDB-988C-DB13D722690C}.Release|x86.Build.0 = Release|Any CPU
		{16C2DE2E-3D27-48DB-A799-5F4CA4942388}.Debug|Any CPU.ActiveCfg = Debug|Any CPU
		{16C2DE2E-3D27-48DB-A799-5F4CA4942388}.Debug|Any CPU.Build.0 = Debug|Any CPU
		{16C2DE2E-3D27-48DB-A799-5F4CA4942388}.Debug|x64.ActiveCfg = Debug|Any CPU
		{16C2DE2E-3D27-48DB-A799-5F4CA4942388}.Debug|x64.Build.0 = Debug|Any CPU
		{16C2DE2E-3D27-48DB-A799-5F4CA4942388}.Debug|x86.ActiveCfg = Debug|Any CPU
		{16C2DE2E-3D27-48DB-A799-5F4CA4942388}.Debug|x86.Build.0 = Debug|Any CPU
		{16C2DE2E-3D27-48DB-A799-5F4CA4942388}.Release|Any CPU.ActiveCfg = Release|Any CPU
		{16C2DE2E-3D27-48DB-A799-5F4CA4942388}.Release|Any CPU.Build.0 = Release|Any CPU
		{16C2DE2E-3D27-48DB-A799-5F4CA4942388}.Release|x64.ActiveCfg = Release|Any CPU
		{16C2DE2E-3D27-48DB-A799-5F4CA4942388}.Release|x64.Build.0 = Release|Any CPU
		{16C2DE2E-3D27-48DB-A799-5F4CA4942388}.Release|x86.ActiveCfg = Release|Any CPU
		{16C2DE2E-3D27-48DB-A799-5F4CA4942388}.Release|x86.Build.0 = Release|Any CPU
		{EAE29374-7151-4CF9-849E-E9F633ED51B1}.Debug|Any CPU.ActiveCfg = Debug|Any CPU
		{EAE29374-7151-4CF9-849E-E9F633ED51B1}.Debug|Any CPU.Build.0 = Debug|Any CPU
		{EAE29374-7151-4CF9-849E-E9F633ED51B1}.Debug|x64.ActiveCfg = Debug|Any CPU
		{EAE29374-7151-4CF9-849E-E9F633ED51B1}.Debug|x64.Build.0 = Debug|Any CPU
		{EAE29374-7151-4CF9-849E-E9F633ED51B1}.Debug|x86.ActiveCfg = Debug|Any CPU
		{EAE29374-7151-4CF9-849E-E9F633ED51B1}.Debug|x86.Build.0 = Debug|Any CPU
		{EAE29374-7151-4CF9-849E-E9F633ED51B1}.Release|Any CPU.ActiveCfg = Release|Any CPU
		{EAE29374-7151-4CF9-849E-E9F633ED51B1}.Release|Any CPU.Build.0 = Release|Any CPU
		{EAE29374-7151-4CF9-849E-E9F633ED51B1}.Release|x64.ActiveCfg = Release|Any CPU
		{EAE29374-7151-4CF9-849E-E9F633ED51B1}.Release|x64.Build.0 = Release|Any CPU
		{EAE29374-7151-4CF9-849E-E9F633ED51B1}.Release|x86.ActiveCfg = Release|Any CPU
		{EAE29374-7151-4CF9-849E-E9F633ED51B1}.Release|x86.Build.0 = Release|Any CPU
		{55E1199B-05E2-4C35-885A-64CD107C7EC5}.Debug|Any CPU.ActiveCfg = Debug|Any CPU
		{55E1199B-05E2-4C35-885A-64CD107C7EC5}.Debug|Any CPU.Build.0 = Debug|Any CPU
		{55E1199B-05E2-4C35-885A-64CD107C7EC5}.Debug|x64.ActiveCfg = Debug|Any CPU
		{55E1199B-05E2-4C35-885A-64CD107C7EC5}.Debug|x64.Build.0 = Debug|Any CPU
		{55E1199B-05E2-4C35-885A-64CD107C7EC5}.Debug|x86.ActiveCfg = Debug|Any CPU
		{55E1199B-05E2-4C35-885A-64CD107C7EC5}.Debug|x86.Build.0 = Debug|Any CPU
		{55E1199B-05E2-4C35-885A-64CD107C7EC5}.Release|Any CPU.ActiveCfg = Release|Any CPU
		{55E1199B-05E2-4C35-885A-64CD107C7EC5}.Release|Any CPU.Build.0 = Release|Any CPU
		{55E1199B-05E2-4C35-885A-64CD107C7EC5}.Release|x64.ActiveCfg = Release|Any CPU
		{55E1199B-05E2-4C35-885A-64CD107C7EC5}.Release|x64.Build.0 = Release|Any CPU
		{55E1199B-05E2-4C35-885A-64CD107C7EC5}.Release|x86.ActiveCfg = Release|Any CPU
		{55E1199B-05E2-4C35-885A-64CD107C7EC5}.Release|x86.Build.0 = Release|Any CPU
		{AE76F5BF-E25C-4BD5-BF24-6BBBEE269614}.Debug|Any CPU.ActiveCfg = Debug|Any CPU
		{AE76F5BF-E25C-4BD5-BF24-6BBBEE269614}.Debug|Any CPU.Build.0 = Debug|Any CPU
		{AE76F5BF-E25C-4BD5-BF24-6BBBEE269614}.Debug|x64.ActiveCfg = Debug|Any CPU
		{AE76F5BF-E25C-4BD5-BF24-6BBBEE269614}.Debug|x64.Build.0 = Debug|Any CPU
		{AE76F5BF-E25C-4BD5-BF24-6BBBEE269614}.Debug|x86.ActiveCfg = Debug|Any CPU
		{AE76F5BF-E25C-4BD5-BF24-6BBBEE269614}.Debug|x86.Build.0 = Debug|Any CPU
		{AE76F5BF-E25C-4BD5-BF24-6BBBEE269614}.Release|Any CPU.ActiveCfg = Release|Any CPU
		{AE76F5BF-E25C-4BD5-BF24-6BBBEE269614}.Release|Any CPU.Build.0 = Release|Any CPU
		{AE76F5BF-E25C-4BD5-BF24-6BBBEE269614}.Release|x64.ActiveCfg = Release|Any CPU
		{AE76F5BF-E25C-4BD5-BF24-6BBBEE269614}.Release|x64.Build.0 = Release|Any CPU
		{AE76F5BF-E25C-4BD5-BF24-6BBBEE269614}.Release|x86.ActiveCfg = Release|Any CPU
		{AE76F5BF-E25C-4BD5-BF24-6BBBEE269614}.Release|x86.Build.0 = Release|Any CPU
		{5170DC84-80EA-4B68-AE15-8D0E8CF64098}.Debug|Any CPU.ActiveCfg = Debug|Any CPU
		{5170DC84-80EA-4B68-AE15-8D0E8CF64098}.Debug|Any CPU.Build.0 = Debug|Any CPU
		{5170DC84-80EA-4B68-AE15-8D0E8CF64098}.Debug|x64.ActiveCfg = Debug|Any CPU
		{5170DC84-80EA-4B68-AE15-8D0E8CF64098}.Debug|x64.Build.0 = Debug|Any CPU
		{5170DC84-80EA-4B68-AE15-8D0E8CF64098}.Debug|x86.ActiveCfg = Debug|Any CPU
		{5170DC84-80EA-4B68-AE15-8D0E8CF64098}.Debug|x86.Build.0 = Debug|Any CPU
		{5170DC84-80EA-4B68-AE15-8D0E8CF64098}.Release|Any CPU.ActiveCfg = Release|Any CPU
		{5170DC84-80EA-4B68-AE15-8D0E8CF64098}.Release|Any CPU.Build.0 = Release|Any CPU
		{5170DC84-80EA-4B68-AE15-8D0E8CF64098}.Release|x64.ActiveCfg = Release|Any CPU
		{5170DC84-80EA-4B68-AE15-8D0E8CF64098}.Release|x64.Build.0 = Release|Any CPU
		{5170DC84-80EA-4B68-AE15-8D0E8CF64098}.Release|x86.ActiveCfg = Release|Any CPU
		{5170DC84-80EA-4B68-AE15-8D0E8CF64098}.Release|x86.Build.0 = Release|Any CPU
		{2B8A5A1E-3609-4786-8A16-2125FF8CF67E}.Debug|Any CPU.ActiveCfg = Debug|Any CPU
		{2B8A5A1E-3609-4786-8A16-2125FF8CF67E}.Debug|Any CPU.Build.0 = Debug|Any CPU
		{2B8A5A1E-3609-4786-8A16-2125FF8CF67E}.Debug|x64.ActiveCfg = Debug|Any CPU
		{2B8A5A1E-3609-4786-8A16-2125FF8CF67E}.Debug|x64.Build.0 = Debug|Any CPU
		{2B8A5A1E-3609-4786-8A16-2125FF8CF67E}.Debug|x86.ActiveCfg = Debug|Any CPU
		{2B8A5A1E-3609-4786-8A16-2125FF8CF67E}.Debug|x86.Build.0 = Debug|Any CPU
		{2B8A5A1E-3609-4786-8A16-2125FF8CF67E}.Release|Any CPU.ActiveCfg = Release|Any CPU
		{2B8A5A1E-3609-4786-8A16-2125FF8CF67E}.Release|Any CPU.Build.0 = Release|Any CPU
		{2B8A5A1E-3609-4786-8A16-2125FF8CF67E}.Release|x64.ActiveCfg = Release|Any CPU
		{2B8A5A1E-3609-4786-8A16-2125FF8CF67E}.Release|x64.Build.0 = Release|Any CPU
		{2B8A5A1E-3609-4786-8A16-2125FF8CF67E}.Release|x86.ActiveCfg = Release|Any CPU
		{2B8A5A1E-3609-4786-8A16-2125FF8CF67E}.Release|x86.Build.0 = Release|Any CPU
		{51678498-9FB0-4FA2-8519-050CED4764BB}.Debug|Any CPU.ActiveCfg = Debug|Any CPU
		{51678498-9FB0-4FA2-8519-050CED4764BB}.Debug|Any CPU.Build.0 = Debug|Any CPU
		{51678498-9FB0-4FA2-8519-050CED4764BB}.Debug|x64.ActiveCfg = Debug|Any CPU
		{51678498-9FB0-4FA2-8519-050CED4764BB}.Debug|x64.Build.0 = Debug|Any CPU
		{51678498-9FB0-4FA2-8519-050CED4764BB}.Debug|x86.ActiveCfg = Debug|Any CPU
		{51678498-9FB0-4FA2-8519-050CED4764BB}.Debug|x86.Build.0 = Debug|Any CPU
		{51678498-9FB0-4FA2-8519-050CED4764BB}.Release|Any CPU.ActiveCfg = Release|Any CPU
		{51678498-9FB0-4FA2-8519-050CED4764BB}.Release|Any CPU.Build.0 = Release|Any CPU
		{51678498-9FB0-4FA2-8519-050CED4764BB}.Release|x64.ActiveCfg = Release|Any CPU
		{51678498-9FB0-4FA2-8519-050CED4764BB}.Release|x64.Build.0 = Release|Any CPU
		{51678498-9FB0-4FA2-8519-050CED4764BB}.Release|x86.ActiveCfg = Release|Any CPU
		{51678498-9FB0-4FA2-8519-050CED4764BB}.Release|x86.Build.0 = Release|Any CPU
	EndGlobalSection
	GlobalSection(SolutionProperties) = preSolution
		HideSolutionNode = FALSE
	EndGlobalSection
	GlobalSection(NestedProjects) = preSolution
		{2FD50146-D397-4CE0-A4AA-27EE5993589D} = {0C90F861-0D19-456F-89AC-1E4B6B26EB98}
		{19D97A14-AB77-4D4A-8C85-C01B60EFE240} = {2FD50146-D397-4CE0-A4AA-27EE5993589D}
		{5C62E129-E0DA-41C2-B389-D4575D32E5AE} = {0C90F861-0D19-456F-89AC-1E4B6B26EB98}
		{26FA0D8D-C383-4B3C-B964-FFCB46DF1F1F} = {5C62E129-E0DA-41C2-B389-D4575D32E5AE}
		{D4A84771-2C2E-44C9-8AD5-1EDDE4DD7DEA} = {2FD50146-D397-4CE0-A4AA-27EE5993589D}
		{3B728148-4E8C-4A6C-87D0-7EBA4B854574} = {0C90F861-0D19-456F-89AC-1E4B6B26EB98}
		{9FE6E7EB-9AD9-473E-8EA1-E87106592BDD} = {3B728148-4E8C-4A6C-87D0-7EBA4B854574}
		{3FBE0250-B5B9-40A1-BD03-990F365477B0} = {3B728148-4E8C-4A6C-87D0-7EBA4B854574}
		{F7A668D9-2458-4C11-9DE8-24C99E3F3020} = {0C90F861-0D19-456F-89AC-1E4B6B26EB98}
		{4A4354FC-D0C3-4ED2-A508-F3E859666E9B} = {F7A668D9-2458-4C11-9DE8-24C99E3F3020}
		{A5894561-CA87-4FF4-80DC-457ED2204F3A} = {4A4354FC-D0C3-4ED2-A508-F3E859666E9B}
		{C7A37B02-9D0D-4009-81AA-65FF332D0F1A} = {4A4354FC-D0C3-4ED2-A508-F3E859666E9B}
		{031B6FE1-3013-457A-B197-0E8EAD0A376D} = {4A4354FC-D0C3-4ED2-A508-F3E859666E9B}
		{40782E62-D4A6-4228-9A5E-A186FC083FA6} = {4A4354FC-D0C3-4ED2-A508-F3E859666E9B}
		{5FC8005D-27B8-4798-9A86-0F9483D09220} = {2FD50146-D397-4CE0-A4AA-27EE5993589D}
		{E23DB444-868C-4D3B-BB73-3100B041E18C} = {2FD50146-D397-4CE0-A4AA-27EE5993589D}
		{0953B77E-093B-4EAE-9C43-30867A5E7BC9} = {5FC8005D-27B8-4798-9A86-0F9483D09220}
		{BB7B46EA-D8BC-44EA-8269-8B9078373300} = {E23DB444-868C-4D3B-BB73-3100B041E18C}
		{59EA935C-9DEE-4C83-A8EE-BDD87F38685A} = {5FC8005D-27B8-4798-9A86-0F9483D09220}
		{0934A077-D477-42DF-9260-8C4E1E87A55D} = {E23DB444-868C-4D3B-BB73-3100B041E18C}
		{F45CFE55-F81F-4D5C-941B-C2C4CF186581} = {2FD50146-D397-4CE0-A4AA-27EE5993589D}
		{57E26BCC-05C2-42A9-BCB9-A14902C6E9A1} = {F45CFE55-F81F-4D5C-941B-C2C4CF186581}
		{192AADA9-E289-451B-9A45-8CD3CD94234E} = {F45CFE55-F81F-4D5C-941B-C2C4CF186581}
		{919FD269-2A8A-4E79-BE7A-C32FD3DEEA09} = {2FD50146-D397-4CE0-A4AA-27EE5993589D}
		{D2A97637-ABCC-45A7-BD15-3D3D3F638EEE} = {2FD50146-D397-4CE0-A4AA-27EE5993589D}
		{0E0363BA-DC32-460C-BF2C-5EAB9569B35B} = {2FD50146-D397-4CE0-A4AA-27EE5993589D}
		{CCE36385-9562-E5B8-F2D9-98C3DDCF3577} = {0C90F861-0D19-456F-89AC-1E4B6B26EB98}
		{58F5D9EB-49EB-C455-338E-DD3B96D90543} = {CCE36385-9562-E5B8-F2D9-98C3DDCF3577}
		{EDB372E5-069F-4C12-8D2B-2840F6A6E4CA} = {58F5D9EB-49EB-C455-338E-DD3B96D90543}
		{AE22C747-F856-4AC3-A41B-4E625CD1C64E} = {58F5D9EB-49EB-C455-338E-DD3B96D90543}
		{2E082535-19F3-40DA-BD9B-3441854B107E} = {58F5D9EB-49EB-C455-338E-DD3B96D90543}
		{3C22C3FE-313E-4504-9CD4-12AFF4BFEEBA} = {58F5D9EB-49EB-C455-338E-DD3B96D90543}
		{2322040A-F197-4F5A-AED3-0C6F5FEB6A76} = {58F5D9EB-49EB-C455-338E-DD3B96D90543}
		{69FAA2BF-9265-4204-81B7-FC0F164A0F95} = {2322040A-F197-4F5A-AED3-0C6F5FEB6A76}
		{8A842A77-54B3-40BC-802E-CA3E0AC3992C} = {2322040A-F197-4F5A-AED3-0C6F5FEB6A76}
		{64A34131-4494-4EDB-988C-DB13D722690C} = {2322040A-F197-4F5A-AED3-0C6F5FEB6A76}
		{16C2DE2E-3D27-48DB-A799-5F4CA4942388} = {2322040A-F197-4F5A-AED3-0C6F5FEB6A76}
		{EAE29374-7151-4CF9-849E-E9F633ED51B1} = {2322040A-F197-4F5A-AED3-0C6F5FEB6A76}
		{55E1199B-05E2-4C35-885A-64CD107C7EC5} = {2322040A-F197-4F5A-AED3-0C6F5FEB6A76}
		{AE76F5BF-E25C-4BD5-BF24-6BBBEE269614} = {2322040A-F197-4F5A-AED3-0C6F5FEB6A76}
		{5170DC84-80EA-4B68-AE15-8D0E8CF64098} = {2322040A-F197-4F5A-AED3-0C6F5FEB6A76}
		{2B8A5A1E-3609-4786-8A16-2125FF8CF67E} = {2322040A-F197-4F5A-AED3-0C6F5FEB6A76}
		{51678498-9FB0-4FA2-8519-050CED4764BB} = {2322040A-F197-4F5A-AED3-0C6F5FEB6A76}
	EndGlobalSection
EndGlobal
