
Microsoft Visual Studio Solution File, Format Version 12.00
Project("{2150E333-8FDC-42A3-9474-1A3956D46DE8}") = "src", "src", "{0C90F861-0D19-456F-89AC-1E4B6B26EB98}"
EndProject
Project("{2150E333-8FDC-42A3-9474-1A3956D46DE8}") = "common_src", "common_src", "{5C62E129-E0DA-41C2-B389-D4575D32E5AE}"
EndProject
Project("{FAE04EC0-301F-11D3-BF4B-00C04F79EFBC}") = "RemTech.Common", "src\common_src\RemTech.Common\RemTech.Common.csproj", "{26FA0D8D-C383-4B3C-B964-FFCB46DF1F1F}"
EndProject
Project("{2150E333-8FDC-42A3-9474-1A3956D46DE8}") = "Solution Items", "Solution Items", "{3A8123EE-6313-4A4E-B9CC-8643623A6D9B}"
	ProjectSection(SolutionItems) = preProject
		compose.yaml = compose.yaml
	EndProjectSection
EndProject
Project("{2150E333-8FDC-42A3-9474-1A3956D46DE8}") = "rabbit_mq_abstraction", "rabbit_mq_abstraction", "{3B728148-4E8C-4A6C-87D0-7EBA4B854574}"
EndProject
Project("{FAE04EC0-301F-11D3-BF4B-00C04F79EFBC}") = "Rabbit.RPC.Server.Abstractions", "src\rabbit_mq_abstraction\Rabbit.RPC.Server.Abstractions\Rabbit.RPC.Server.Abstractions.csproj", "{9FE6E7EB-9AD9-473E-8EA1-E87106592BDD}"
EndProject
Project("{FAE04EC0-301F-11D3-BF4B-00C04F79EFBC}") = "Rabbit.RPC.Client.Abstractions", "src\rabbit_mq_abstraction\Rabbit.RPC.Client.Abstractions\Rabbit.RPC.Client.Abstractions.csproj", "{3FBE0250-B5B9-40A1-BD03-990F365477B0}"
EndProject
Project("{2150E333-8FDC-42A3-9474-1A3956D46DE8}") = "parser_services", "parser_services", "{CCE36385-9562-E5B8-F2D9-98C3DDCF3577}"
EndProject
Project("{2150E333-8FDC-42A3-9474-1A3956D46DE8}") = "avito_parser_src", "avito_parser_src", "{58F5D9EB-49EB-C455-338E-DD3B96D90543}"
EndProject
Project("{FAE04EC0-301F-11D3-BF4B-00C04F79EFBC}") = "AvitoParserService", "src\parser_services\avito_parser_src\AvitoParserService\AvitoParserService.csproj", "{EDB372E5-069F-4C12-8D2B-2840F6A6E4CA}"
EndProject
Project("{2150E333-8FDC-42A3-9474-1A3956D46DE8}") = "drom_parser_src", "drom_parser_src", "{8E8DF1D5-6DBA-4B31-BAE3-3114A84F4E76}"
EndProject
Project("{2150E333-8FDC-42A3-9474-1A3956D46DE8}") = "data_services", "data_services", "{9E64A2E1-468C-4645-BB98-6505778AB8EE}"
EndProject
Project("{2150E333-8FDC-42A3-9474-1A3956D46DE8}") = "mongodb_data", "mongodb_data", "{326327E3-895F-4482-9834-1A1A93EB1A65}"
EndProject
Project("{FAE04EC0-301F-11D3-BF4B-00C04F79EFBC}") = "RemTech.MongoDb.Service", "src\data_services\mongodb_data\RemTech.MongoDb.Service\RemTech.MongoDb.Service.csproj", "{F8517961-6E7A-4A20-AFB0-CCABD5BDCC67}"
EndProject
Project("{2150E333-8FDC-42A3-9474-1A3956D46DE8}") = "main_api", "main_api", "{AC16A3EF-2748-4125-BAAD-B99EDF712549}"
EndProject
Project("{FAE04EC0-301F-11D3-BF4B-00C04F79EFBC}") = "RemTech.MainApi", "src\main_api\RemTech.MainApi\RemTech.MainApi.csproj", "{3215257C-FE25-4839-B7F2-A4F746B32379}"
EndProject
Project("{FAE04EC0-301F-11D3-BF4B-00C04F79EFBC}") = "SharedParsersLibrary", "src\parser_services\SharedParsersLibrary\SharedParsersLibrary.csproj", "{32DC9202-4387-48D9-B2EF-F23811A0EF45}"
EndProject
Project("{FAE04EC0-301F-11D3-BF4B-00C04F79EFBC}") = "DromParserService", "src\parser_services\drom_parser_src\DromParserService\DromParserService.csproj", "{6172CE1B-AC36-455B-A0C2-E1D1263CDA44}"
EndProject
Global
	GlobalSection(SolutionConfigurationPlatforms) = preSolution
		Debug|Any CPU = Debug|Any CPU
		Debug|x64 = Debug|x64
		Debug|x86 = Debug|x86
		Release|Any CPU = Release|Any CPU
		Release|x64 = Release|x64
		Release|x86 = Release|x86
	EndGlobalSection
	GlobalSection(ProjectConfigurationPlatforms) = postSolution
		{26FA0D8D-C383-4B3C-B964-FFCB46DF1F1F}.Debug|Any CPU.ActiveCfg = Debug|Any CPU
		{26FA0D8D-C383-4B3C-B964-FFCB46DF1F1F}.Debug|Any CPU.Build.0 = Debug|Any CPU
		{26FA0D8D-C383-4B3C-B964-FFCB46DF1F1F}.Debug|x64.ActiveCfg = Debug|Any CPU
		{26FA0D8D-C383-4B3C-B964-FFCB46DF1F1F}.Debug|x64.Build.0 = Debug|Any CPU
		{26FA0D8D-C383-4B3C-B964-FFCB46DF1F1F}.Debug|x86.ActiveCfg = Debug|Any CPU
		{26FA0D8D-C383-4B3C-B964-FFCB46DF1F1F}.Debug|x86.Build.0 = Debug|Any CPU
		{26FA0D8D-C383-4B3C-B964-FFCB46DF1F1F}.Release|Any CPU.ActiveCfg = Release|Any CPU
		{26FA0D8D-C383-4B3C-B964-FFCB46DF1F1F}.Release|Any CPU.Build.0 = Release|Any CPU
		{26FA0D8D-C383-4B3C-B964-FFCB46DF1F1F}.Release|x64.ActiveCfg = Release|Any CPU
		{26FA0D8D-C383-4B3C-B964-FFCB46DF1F1F}.Release|x64.Build.0 = Release|Any CPU
		{26FA0D8D-C383-4B3C-B964-FFCB46DF1F1F}.Release|x86.ActiveCfg = Release|Any CPU
		{26FA0D8D-C383-4B3C-B964-FFCB46DF1F1F}.Release|x86.Build.0 = Release|Any CPU
		{9FE6E7EB-9AD9-473E-8EA1-E87106592BDD}.Debug|Any CPU.ActiveCfg = Debug|Any CPU
		{9FE6E7EB-9AD9-473E-8EA1-E87106592BDD}.Debug|Any CPU.Build.0 = Debug|Any CPU
		{9FE6E7EB-9AD9-473E-8EA1-E87106592BDD}.Debug|x64.ActiveCfg = Debug|Any CPU
		{9FE6E7EB-9AD9-473E-8EA1-E87106592BDD}.Debug|x64.Build.0 = Debug|Any CPU
		{9FE6E7EB-9AD9-473E-8EA1-E87106592BDD}.Debug|x86.ActiveCfg = Debug|Any CPU
		{9FE6E7EB-9AD9-473E-8EA1-E87106592BDD}.Debug|x86.Build.0 = Debug|Any CPU
		{9FE6E7EB-9AD9-473E-8EA1-E87106592BDD}.Release|Any CPU.ActiveCfg = Release|Any CPU
		{9FE6E7EB-9AD9-473E-8EA1-E87106592BDD}.Release|Any CPU.Build.0 = Release|Any CPU
		{9FE6E7EB-9AD9-473E-8EA1-E87106592BDD}.Release|x64.ActiveCfg = Release|Any CPU
		{9FE6E7EB-9AD9-473E-8EA1-E87106592BDD}.Release|x64.Build.0 = Release|Any CPU
		{9FE6E7EB-9AD9-473E-8EA1-E87106592BDD}.Release|x86.ActiveCfg = Release|Any CPU
		{9FE6E7EB-9AD9-473E-8EA1-E87106592BDD}.Release|x86.Build.0 = Release|Any CPU
		{3FBE0250-B5B9-40A1-BD03-990F365477B0}.Debug|Any CPU.ActiveCfg = Debug|Any CPU
		{3FBE0250-B5B9-40A1-BD03-990F365477B0}.Debug|Any CPU.Build.0 = Debug|Any CPU
		{3FBE0250-B5B9-40A1-BD03-990F365477B0}.Debug|x64.ActiveCfg = Debug|Any CPU
		{3FBE0250-B5B9-40A1-BD03-990F365477B0}.Debug|x64.Build.0 = Debug|Any CPU
		{3FBE0250-B5B9-40A1-BD03-990F365477B0}.Debug|x86.ActiveCfg = Debug|Any CPU
		{3FBE0250-B5B9-40A1-BD03-990F365477B0}.Debug|x86.Build.0 = Debug|Any CPU
		{3FBE0250-B5B9-40A1-BD03-990F365477B0}.Release|Any CPU.ActiveCfg = Release|Any CPU
		{3FBE0250-B5B9-40A1-BD03-990F365477B0}.Release|Any CPU.Build.0 = Release|Any CPU
		{3FBE0250-B5B9-40A1-BD03-990F365477B0}.Release|x64.ActiveCfg = Release|Any CPU
		{3FBE0250-B5B9-40A1-BD03-990F365477B0}.Release|x64.Build.0 = Release|Any CPU
		{3FBE0250-B5B9-40A1-BD03-990F365477B0}.Release|x86.ActiveCfg = Release|Any CPU
		{3FBE0250-B5B9-40A1-BD03-990F365477B0}.Release|x86.Build.0 = Release|Any CPU
		{EDB372E5-069F-4C12-8D2B-2840F6A6E4CA}.Debug|Any CPU.ActiveCfg = Debug|Any CPU
		{EDB372E5-069F-4C12-8D2B-2840F6A6E4CA}.Debug|Any CPU.Build.0 = Debug|Any CPU
		{EDB372E5-069F-4C12-8D2B-2840F6A6E4CA}.Debug|x64.ActiveCfg = Debug|Any CPU
		{EDB372E5-069F-4C12-8D2B-2840F6A6E4CA}.Debug|x64.Build.0 = Debug|Any CPU
		{EDB372E5-069F-4C12-8D2B-2840F6A6E4CA}.Debug|x86.ActiveCfg = Debug|Any CPU
		{EDB372E5-069F-4C12-8D2B-2840F6A6E4CA}.Debug|x86.Build.0 = Debug|Any CPU
		{EDB372E5-069F-4C12-8D2B-2840F6A6E4CA}.Release|Any CPU.ActiveCfg = Release|Any CPU
		{EDB372E5-069F-4C12-8D2B-2840F6A6E4CA}.Release|Any CPU.Build.0 = Release|Any CPU
		{EDB372E5-069F-4C12-8D2B-2840F6A6E4CA}.Release|x64.ActiveCfg = Release|Any CPU
		{EDB372E5-069F-4C12-8D2B-2840F6A6E4CA}.Release|x64.Build.0 = Release|Any CPU
		{EDB372E5-069F-4C12-8D2B-2840F6A6E4CA}.Release|x86.ActiveCfg = Release|Any CPU
		{EDB372E5-069F-4C12-8D2B-2840F6A6E4CA}.Release|x86.Build.0 = Release|Any CPU
		{F8517961-6E7A-4A20-AFB0-CCABD5BDCC67}.Debug|Any CPU.ActiveCfg = Debug|Any CPU
		{F8517961-6E7A-4A20-AFB0-CCABD5BDCC67}.Debug|Any CPU.Build.0 = Debug|Any CPU
		{F8517961-6E7A-4A20-AFB0-CCABD5BDCC67}.Debug|x64.ActiveCfg = Debug|Any CPU
		{F8517961-6E7A-4A20-AFB0-CCABD5BDCC67}.Debug|x64.Build.0 = Debug|Any CPU
		{F8517961-6E7A-4A20-AFB0-CCABD5BDCC67}.Debug|x86.ActiveCfg = Debug|Any CPU
		{F8517961-6E7A-4A20-AFB0-CCABD5BDCC67}.Debug|x86.Build.0 = Debug|Any CPU
		{F8517961-6E7A-4A20-AFB0-CCABD5BDCC67}.Release|Any CPU.ActiveCfg = Release|Any CPU
		{F8517961-6E7A-4A20-AFB0-CCABD5BDCC67}.Release|Any CPU.Build.0 = Release|Any CPU
		{F8517961-6E7A-4A20-AFB0-CCABD5BDCC67}.Release|x64.ActiveCfg = Release|Any CPU
		{F8517961-6E7A-4A20-AFB0-CCABD5BDCC67}.Release|x64.Build.0 = Release|Any CPU
		{F8517961-6E7A-4A20-AFB0-CCABD5BDCC67}.Release|x86.ActiveCfg = Release|Any CPU
		{F8517961-6E7A-4A20-AFB0-CCABD5BDCC67}.Release|x86.Build.0 = Release|Any CPU
		{3215257C-FE25-4839-B7F2-A4F746B32379}.Debug|Any CPU.ActiveCfg = Debug|Any CPU
		{3215257C-FE25-4839-B7F2-A4F746B32379}.Debug|Any CPU.Build.0 = Debug|Any CPU
		{3215257C-FE25-4839-B7F2-A4F746B32379}.Debug|x64.ActiveCfg = Debug|Any CPU
		{3215257C-FE25-4839-B7F2-A4F746B32379}.Debug|x64.Build.0 = Debug|Any CPU
		{3215257C-FE25-4839-B7F2-A4F746B32379}.Debug|x86.ActiveCfg = Debug|Any CPU
		{3215257C-FE25-4839-B7F2-A4F746B32379}.Debug|x86.Build.0 = Debug|Any CPU
		{3215257C-FE25-4839-B7F2-A4F746B32379}.Release|Any CPU.ActiveCfg = Release|Any CPU
		{3215257C-FE25-4839-B7F2-A4F746B32379}.Release|Any CPU.Build.0 = Release|Any CPU
		{3215257C-FE25-4839-B7F2-A4F746B32379}.Release|x64.ActiveCfg = Release|Any CPU
		{3215257C-FE25-4839-B7F2-A4F746B32379}.Release|x64.Build.0 = Release|Any CPU
		{3215257C-FE25-4839-B7F2-A4F746B32379}.Release|x86.ActiveCfg = Release|Any CPU
		{3215257C-FE25-4839-B7F2-A4F746B32379}.Release|x86.Build.0 = Release|Any CPU
		{32DC9202-4387-48D9-B2EF-F23811A0EF45}.Debug|Any CPU.ActiveCfg = Debug|Any CPU
		{32DC9202-4387-48D9-B2EF-F23811A0EF45}.Debug|Any CPU.Build.0 = Debug|Any CPU
		{32DC9202-4387-48D9-B2EF-F23811A0EF45}.Debug|x64.ActiveCfg = Debug|Any CPU
		{32DC9202-4387-48D9-B2EF-F23811A0EF45}.Debug|x64.Build.0 = Debug|Any CPU
		{32DC9202-4387-48D9-B2EF-F23811A0EF45}.Debug|x86.ActiveCfg = Debug|Any CPU
		{32DC9202-4387-48D9-B2EF-F23811A0EF45}.Debug|x86.Build.0 = Debug|Any CPU
		{32DC9202-4387-48D9-B2EF-F23811A0EF45}.Release|Any CPU.ActiveCfg = Release|Any CPU
		{32DC9202-4387-48D9-B2EF-F23811A0EF45}.Release|Any CPU.Build.0 = Release|Any CPU
		{32DC9202-4387-48D9-B2EF-F23811A0EF45}.Release|x64.ActiveCfg = Release|Any CPU
		{32DC9202-4387-48D9-B2EF-F23811A0EF45}.Release|x64.Build.0 = Release|Any CPU
		{32DC9202-4387-48D9-B2EF-F23811A0EF45}.Release|x86.ActiveCfg = Release|Any CPU
		{32DC9202-4387-48D9-B2EF-F23811A0EF45}.Release|x86.Build.0 = Release|Any CPU
		{6172CE1B-AC36-455B-A0C2-E1D1263CDA44}.Debug|Any CPU.ActiveCfg = Debug|Any CPU
		{6172CE1B-AC36-455B-A0C2-E1D1263CDA44}.Debug|Any CPU.Build.0 = Debug|Any CPU
		{6172CE1B-AC36-455B-A0C2-E1D1263CDA44}.Debug|x64.ActiveCfg = Debug|Any CPU
		{6172CE1B-AC36-455B-A0C2-E1D1263CDA44}.Debug|x64.Build.0 = Debug|Any CPU
		{6172CE1B-AC36-455B-A0C2-E1D1263CDA44}.Debug|x86.ActiveCfg = Debug|Any CPU
		{6172CE1B-AC36-455B-A0C2-E1D1263CDA44}.Debug|x86.Build.0 = Debug|Any CPU
		{6172CE1B-AC36-455B-A0C2-E1D1263CDA44}.Release|Any CPU.ActiveCfg = Release|Any CPU
		{6172CE1B-AC36-455B-A0C2-E1D1263CDA44}.Release|Any CPU.Build.0 = Release|Any CPU
		{6172CE1B-AC36-455B-A0C2-E1D1263CDA44}.Release|x64.ActiveCfg = Release|Any CPU
		{6172CE1B-AC36-455B-A0C2-E1D1263CDA44}.Release|x64.Build.0 = Release|Any CPU
		{6172CE1B-AC36-455B-A0C2-E1D1263CDA44}.Release|x86.ActiveCfg = Release|Any CPU
		{6172CE1B-AC36-455B-A0C2-E1D1263CDA44}.Release|x86.Build.0 = Release|Any CPU
	EndGlobalSection
	GlobalSection(SolutionProperties) = preSolution
		HideSolutionNode = FALSE
	EndGlobalSection
	GlobalSection(NestedProjects) = preSolution
		{5C62E129-E0DA-41C2-B389-D4575D32E5AE} = {0C90F861-0D19-456F-89AC-1E4B6B26EB98}
		{26FA0D8D-C383-4B3C-B964-FFCB46DF1F1F} = {5C62E129-E0DA-41C2-B389-D4575D32E5AE}
		{3B728148-4E8C-4A6C-87D0-7EBA4B854574} = {0C90F861-0D19-456F-89AC-1E4B6B26EB98}
		{9FE6E7EB-9AD9-473E-8EA1-E87106592BDD} = {3B728148-4E8C-4A6C-87D0-7EBA4B854574}
		{3FBE0250-B5B9-40A1-BD03-990F365477B0} = {3B728148-4E8C-4A6C-87D0-7EBA4B854574}
		{CCE36385-9562-E5B8-F2D9-98C3DDCF3577} = {0C90F861-0D19-456F-89AC-1E4B6B26EB98}
		{58F5D9EB-49EB-C455-338E-DD3B96D90543} = {CCE36385-9562-E5B8-F2D9-98C3DDCF3577}
		{EDB372E5-069F-4C12-8D2B-2840F6A6E4CA} = {58F5D9EB-49EB-C455-338E-DD3B96D90543}
		{8E8DF1D5-6DBA-4B31-BAE3-3114A84F4E76} = {CCE36385-9562-E5B8-F2D9-98C3DDCF3577}
		{9E64A2E1-468C-4645-BB98-6505778AB8EE} = {0C90F861-0D19-456F-89AC-1E4B6B26EB98}
		{326327E3-895F-4482-9834-1A1A93EB1A65} = {9E64A2E1-468C-4645-BB98-6505778AB8EE}
		{F8517961-6E7A-4A20-AFB0-CCABD5BDCC67} = {326327E3-895F-4482-9834-1A1A93EB1A65}
		{AC16A3EF-2748-4125-BAAD-B99EDF712549} = {0C90F861-0D19-456F-89AC-1E4B6B26EB98}
		{3215257C-FE25-4839-B7F2-A4F746B32379} = {AC16A3EF-2748-4125-BAAD-B99EDF712549}
		{32DC9202-4387-48D9-B2EF-F23811A0EF45} = {CCE36385-9562-E5B8-F2D9-98C3DDCF3577}
		{6172CE1B-AC36-455B-A0C2-E1D1263CDA44} = {8E8DF1D5-6DBA-4B31-BAE3-3114A84F4E76}
	EndGlobalSection
EndGlobal
