Microsoft Visual Studio Solution File, Format Version 12.00
# Visual Studio Version 17
VisualStudioVersion = 17.5.2.0
MinimumVisualStudioVersion = 10.0.40219.1
Project("{FAE04EC0-301F-11D3-BF4B-00C04F79EFBC}") = "AvitoParserService", "AvitoParserService.csproj", "{770885F7-0C08-E5DC-BBCE-D97674838EB4}"
EndProject
Global
	GlobalSection(SolutionConfigurationPlatforms) = preSolution
		Debug|Any CPU = Debug|Any CPU
		Release|Any CPU = Release|Any CPU
	EndGlobalSection
	GlobalSection(ProjectConfigurationPlatforms) = postSolution
		{770885F7-0C08-E5DC-BBCE-D97674838EB4}.Debug|Any CPU.ActiveCfg = Debug|Any CPU
		{770885F7-0C08-E5DC-BBCE-D97674838EB4}.Debug|Any CPU.Build.0 = Debug|Any CPU
		{770885F7-0C08-E5DC-BBCE-D97674838EB4}.Release|Any CPU.ActiveCfg = Release|Any CPU
		{770885F7-0C08-E5DC-BBCE-D97674838EB4}.Release|Any CPU.Build.0 = Release|Any CPU
	EndGlobalSection
	GlobalSection(SolutionProperties) = preSolution
		HideSolutionNode = FALSE
	EndGlobalSection
	GlobalSection(ExtensibilityGlobals) = postSolution
		SolutionGuid = {1E36B6D4-9861-464E-A48F-D5531135562B}
	EndGlobalSection
EndGlobal
