Microsoft Visual Studio Solution File, Format Version 12.00
# Visual Studio Version 17
VisualStudioVersion = 17.5.2.0
MinimumVisualStudioVersion = 10.0.40219.1
Project("{FAE04EC0-301F-11D3-BF4B-00C04F79EFBC}") = "Rabbit.RPC.Client.Abstractions", "Rabbit.RPC.Client.Abstractions.csproj", "{B231C3BA-F29F-9FB4-0A7C-CF53FE58AB68}"
EndProject
Global
	GlobalSection(SolutionConfigurationPlatforms) = preSolution
		Debug|Any CPU = Debug|Any CPU
		Release|Any CPU = Release|Any CPU
	EndGlobalSection
	GlobalSection(ProjectConfigurationPlatforms) = postSolution
		{B231C3BA-F29F-9FB4-0A7C-CF53FE58AB68}.Debug|Any CPU.ActiveCfg = Debug|Any CPU
		{B231C3BA-F29F-9FB4-0A7C-CF53FE58AB68}.Debug|Any CPU.Build.0 = Debug|Any CPU
		{B231C3BA-F29F-9FB4-0A7C-CF53FE58AB68}.Release|Any CPU.ActiveCfg = Release|Any CPU
		{B231C3BA-F29F-9FB4-0A7C-CF53FE58AB68}.Release|Any CPU.Build.0 = Release|Any CPU
	EndGlobalSection
	GlobalSection(SolutionProperties) = preSolution
		HideSolutionNode = FALSE
	EndGlobalSection
	GlobalSection(ExtensibilityGlobals) = postSolution
		SolutionGuid = {C0F16D80-5232-4E5E-AF5F-38C11B15B677}
	EndGlobalSection
EndGlobal
